// !$*UTF8*$!
{
	archiveVersion = 1;
	classes = {
	};
	objectVersion = 52;
	objects = {

/* Begin PBXBuildFile section */
		0C08BA5A26B81A7A003399BE /* MotionManager.swift in Sources */ = {isa = PBXBuildFile; fileRef = 0C08BA5926B81A7A003399BE /* MotionManager.swift */; };
		0C08BA5C26B81ADC003399BE /* MainView.swift in Sources */ = {isa = PBXBuildFile; fileRef = 0C08BA5B26B81ADC003399BE /* MainView.swift */; };
		0C08BA5F26B83200003399BE /* ReflectButton.swift in Sources */ = {isa = PBXBuildFile; fileRef = 0C08BA5E26B83200003399BE /* ReflectButton.swift */; };
		0C0A88A526B9545B00D80AEE /* TimeHelper.swift in Sources */ = {isa = PBXBuildFile; fileRef = 0C0A88A426B9545B00D80AEE /* TimeHelper.swift */; };
		0C0A88A926B9973800D80AEE /* AnimasiHomepageMalam.json in Resources */ = {isa = PBXBuildFile; fileRef = 0C0A88A826B9973800D80AEE /* AnimasiHomepageMalam.json */; };
		0C0A88AB26B9A69500D80AEE /* WhiteButton.swift in Sources */ = {isa = PBXBuildFile; fileRef = 0C0A88AA26B9A69500D80AEE /* WhiteButton.swift */; };
		0C0D672E26B2E8C2005925E4 /* WrappingHStack in Frameworks */ = {isa = PBXBuildFile; productRef = 0C0D672D26B2E8C2005925E4 /* WrappingHStack */; };
		0C0D673226B3A8F0005925E4 /* EmotionChart.swift in Sources */ = {isa = PBXBuildFile; fileRef = 0C0D673126B3A8F0005925E4 /* EmotionChart.swift */; };
		0C62284426B18ECA00672AEA /* ReflectionCell.swift in Sources */ = {isa = PBXBuildFile; fileRef = 0C62284326B18ECA00672AEA /* ReflectionCell.swift */; };
		0C62284626B1AEB800672AEA /* ProgressBubble.swift in Sources */ = {isa = PBXBuildFile; fileRef = 0C62284526B1AEB800672AEA /* ProgressBubble.swift */; };
		0CBD70C726B848FC00B6E59E /* MainHeaderView.swift in Sources */ = {isa = PBXBuildFile; fileRef = 0CBD70C626B848FC00B6E59E /* MainHeaderView.swift */; };
		0CBD70C926B850DE00B6E59E /* ChartDescriptionView.swift in Sources */ = {isa = PBXBuildFile; fileRef = 0CBD70C826B850DE00B6E59E /* ChartDescriptionView.swift */; };
		0CDE373426B06D440006FE66 /* PrimaryButton.swift in Sources */ = {isa = PBXBuildFile; fileRef = 0CDE373326B06D440006FE66 /* PrimaryButton.swift */; };
		4E22EC8C26B0715F002CD2C7 /* CheckinObservationView.swift in Sources */ = {isa = PBXBuildFile; fileRef = 4E22EC8B26B0715F002CD2C7 /* CheckinObservationView.swift */; };
		4E580EFA26B7E34E00229D9A /* CheckinSuccessView.swift in Sources */ = {isa = PBXBuildFile; fileRef = 4E580EF926B7E34E00229D9A /* CheckinSuccessView.swift */; };
		4E580EFF26B7E55F00229D9A /* NightEnding.json in Resources */ = {isa = PBXBuildFile; fileRef = 4E580EFB26B7E55E00229D9A /* NightEnding.json */; };
		4E580F0026B7E55F00229D9A /* NoonEnding.json in Resources */ = {isa = PBXBuildFile; fileRef = 4E580EFC26B7E55E00229D9A /* NoonEnding.json */; };
		4E580F0126B7E55F00229D9A /* MorningEnding.json in Resources */ = {isa = PBXBuildFile; fileRef = 4E580EFD26B7E55F00229D9A /* MorningEnding.json */; };
		4E580F0226B7E55F00229D9A /* SunsetEnding.json in Resources */ = {isa = PBXBuildFile; fileRef = 4E580EFE26B7E55F00229D9A /* SunsetEnding.json */; };
		4E67393226B28D680037583E /* TabBar.swift in Sources */ = {isa = PBXBuildFile; fileRef = 4E67393126B28D680037583E /* TabBar.swift */; };
		4E67393626B2DA1D0037583E /* TabBarView.swift in Sources */ = {isa = PBXBuildFile; fileRef = 4E67393526B2DA1D0037583E /* TabBarView.swift */; };
		4E91CA1D26B1730500387EE4 /* GoalDetailView.swift in Sources */ = {isa = PBXBuildFile; fileRef = 4E91CA1C26B1730500387EE4 /* GoalDetailView.swift */; };
		4E91CA1F26B1802C00387EE4 /* CategoryLabel.swift in Sources */ = {isa = PBXBuildFile; fileRef = 4E91CA1E26B1802C00387EE4 /* CategoryLabel.swift */; };
		4E91CA2226B1BA9100387EE4 /* GoalCell.swift in Sources */ = {isa = PBXBuildFile; fileRef = 4E91CA2126B1BA9100387EE4 /* GoalCell.swift */; };
		4EB48B0926B39900004F04DD /* GoalView.swift in Sources */ = {isa = PBXBuildFile; fileRef = 4EB48B0826B39900004F04DD /* GoalView.swift */; };
		4EF4222326B84EC700EA7341 /* Mood.swift in Sources */ = {isa = PBXBuildFile; fileRef = 4EF4222226B84EC700EA7341 /* Mood.swift */; };
		4EF4222526B84F2400EA7341 /* Category.swift in Sources */ = {isa = PBXBuildFile; fileRef = 4EF4222426B84F2400EA7341 /* Category.swift */; };
		4EF4222726B84F6800EA7341 /* Question.swift in Sources */ = {isa = PBXBuildFile; fileRef = 4EF4222626B84F6800EA7341 /* Question.swift */; };
		4EF4222926B850B900EA7341 /* Feedback.swift in Sources */ = {isa = PBXBuildFile; fileRef = 4EF4222826B850B900EA7341 /* Feedback.swift */; };
		4EF4222B26B8512B00EA7341 /* Quotes.swift in Sources */ = {isa = PBXBuildFile; fileRef = 4EF4222A26B8512B00EA7341 /* Quotes.swift */; };
		4EF4222D26B8516E00EA7341 /* Checkin.swift in Sources */ = {isa = PBXBuildFile; fileRef = 4EF4222C26B8516E00EA7341 /* Checkin.swift */; };
		864B452E26B82EB000528ECF /* CheckinCategoryView.swift in Sources */ = {isa = PBXBuildFile; fileRef = 864B452D26B82EB000528ECF /* CheckinCategoryView.swift */; };
		866BC52926B6CD5A008AA685 /* ReflectionDetailView.swift in Sources */ = {isa = PBXBuildFile; fileRef = 866BC52826B6CD5A008AA685 /* ReflectionDetailView.swift */; };
		866BC52B26B6D0C7008AA685 /* ReflectionDetailViewModel.swift in Sources */ = {isa = PBXBuildFile; fileRef = 866BC52A26B6D0C7008AA685 /* ReflectionDetailViewModel.swift */; };
		8689DE3E26B6EFF50084403B /* EMCalendarViewModel.swift in Sources */ = {isa = PBXBuildFile; fileRef = 8689DE3D26B6EFF50084403B /* EMCalendarViewModel.swift */; };
		8689DE4026B6F8710084403B /* EMCalendar.swift in Sources */ = {isa = PBXBuildFile; fileRef = 8689DE3F26B6F8710084403B /* EMCalendar.swift */; };
		868B0C2926B25DF70019A2B0 /* ColorExtension.swift in Sources */ = {isa = PBXBuildFile; fileRef = 868B0C2826B25DF70019A2B0 /* ColorExtension.swift */; };
		868B0C2B26B26C7E0019A2B0 /* ThemeExtension.swift in Sources */ = {isa = PBXBuildFile; fileRef = 868B0C2A26B26C7E0019A2B0 /* ThemeExtension.swift */; };
		86A6D7F226B04E02001C19E1 /* dummy2.swift in Sources */ = {isa = PBXBuildFile; fileRef = 86A6D7F126B04E02001C19E1 /* dummy2.swift */; };
		86A6D7F426B04E0B001C19E1 /* dummy3.swift in Sources */ = {isa = PBXBuildFile; fileRef = 86A6D7F326B04E0B001C19E1 /* dummy3.swift */; };
		86A6D7F626B04E13001C19E1 /* dummy4.swift in Sources */ = {isa = PBXBuildFile; fileRef = 86A6D7F526B04E13001C19E1 /* dummy4.swift */; };
		86A6D7F826B04E1C001C19E1 /* dummy5.swift in Sources */ = {isa = PBXBuildFile; fileRef = 86A6D7F726B04E1C001C19E1 /* dummy5.swift */; };
		86A6D7FA26B04E25001C19E1 /* dummy6.swift in Sources */ = {isa = PBXBuildFile; fileRef = 86A6D7F926B04E25001C19E1 /* dummy6.swift */; };
		86A6D7FC26B04E2F001C19E1 /* dummy7.swift in Sources */ = {isa = PBXBuildFile; fileRef = 86A6D7FB26B04E2F001C19E1 /* dummy7.swift */; };
		86A6D80226B04E48001C19E1 /* dummy10.swift in Sources */ = {isa = PBXBuildFile; fileRef = 86A6D80126B04E48001C19E1 /* dummy10.swift */; };
		86A6D80C26B05455001C19E1 /* ButtonOutlined.swift in Sources */ = {isa = PBXBuildFile; fileRef = 86A6D80B26B05455001C19E1 /* ButtonOutlined.swift */; };
		E8E9D5A726B2EFB000D331EF /* TextField.swift in Sources */ = {isa = PBXBuildFile; fileRef = E8E9D5A626B2EFB000D331EF /* TextField.swift */; };
		E8EC034D26B7BB9800318CA7 /* LottieView.swift in Sources */ = {isa = PBXBuildFile; fileRef = E8EC034C26B7BB9800318CA7 /* LottieView.swift */; };
		E8EC034F26B7BBBC00318CA7 /* BackgroundView.swift in Sources */ = {isa = PBXBuildFile; fileRef = E8EC034E26B7BBBC00318CA7 /* BackgroundView.swift */; };
		E8EC035226B7BBDF00318CA7 /* Lottie in Frameworks */ = {isa = PBXBuildFile; productRef = E8EC035126B7BBDF00318CA7 /* Lottie */; };
		E8EC036826B7BC0100318CA7 /* CheckinDescriptionView.swift in Sources */ = {isa = PBXBuildFile; fileRef = E8EC036726B7BC0100318CA7 /* CheckinDescriptionView.swift */; };
		E8EC036E26B7BCF800318CA7 /* AnimasiHomepageSore.json in Resources */ = {isa = PBXBuildFile; fileRef = E8EC036A26B7BCF700318CA7 /* AnimasiHomepageSore.json */; };
		E8EC037026B7BCF800318CA7 /* AnimasiHomepageSiang.json in Resources */ = {isa = PBXBuildFile; fileRef = E8EC036C26B7BCF700318CA7 /* AnimasiHomepageSiang.json */; };
		E8EC037126B7BCF800318CA7 /* AnimasiHomepagePagi.json in Resources */ = {isa = PBXBuildFile; fileRef = E8EC036D26B7BCF700318CA7 /* AnimasiHomepagePagi.json */; };
		EFDC625C26A7E4A200E4D068 /* emoceanApp.swift in Sources */ = {isa = PBXBuildFile; fileRef = EFDC625B26A7E4A200E4D068 /* emoceanApp.swift */; };
		EFDC625E26A7E4A200E4D068 /* ContentView.swift in Sources */ = {isa = PBXBuildFile; fileRef = EFDC625D26A7E4A200E4D068 /* ContentView.swift */; };
		EFDC626026A7E4A400E4D068 /* Assets.xcassets in Resources */ = {isa = PBXBuildFile; fileRef = EFDC625F26A7E4A400E4D068 /* Assets.xcassets */; };
		EFDC626326A7E4A400E4D068 /* Preview Assets.xcassets in Resources */ = {isa = PBXBuildFile; fileRef = EFDC626226A7E4A400E4D068 /* Preview Assets.xcassets */; };
		EFDC626E26A7E4A400E4D068 /* emoceanTests.swift in Sources */ = {isa = PBXBuildFile; fileRef = EFDC626D26A7E4A400E4D068 /* emoceanTests.swift */; };
		EFDC627926A7E4A400E4D068 /* emoceanUITests.swift in Sources */ = {isa = PBXBuildFile; fileRef = EFDC627826A7E4A400E4D068 /* emoceanUITests.swift */; };
/* End PBXBuildFile section */

/* Begin PBXContainerItemProxy section */
		EFDC626A26A7E4A400E4D068 /* PBXContainerItemProxy */ = {
			isa = PBXContainerItemProxy;
			containerPortal = EFDC625026A7E4A200E4D068 /* Project object */;
			proxyType = 1;
			remoteGlobalIDString = EFDC625726A7E4A200E4D068;
			remoteInfo = emocean;
		};
		EFDC627526A7E4A400E4D068 /* PBXContainerItemProxy */ = {
			isa = PBXContainerItemProxy;
			containerPortal = EFDC625026A7E4A200E4D068 /* Project object */;
			proxyType = 1;
			remoteGlobalIDString = EFDC625726A7E4A200E4D068;
			remoteInfo = emocean;
		};
/* End PBXContainerItemProxy section */

/* Begin PBXFileReference section */
		0C08BA5926B81A7A003399BE /* MotionManager.swift */ = {isa = PBXFileReference; lastKnownFileType = sourcecode.swift; path = MotionManager.swift; sourceTree = "<group>"; };
		0C08BA5B26B81ADC003399BE /* MainView.swift */ = {isa = PBXFileReference; lastKnownFileType = sourcecode.swift; path = MainView.swift; sourceTree = "<group>"; };
		0C08BA5E26B83200003399BE /* ReflectButton.swift */ = {isa = PBXFileReference; lastKnownFileType = sourcecode.swift; path = ReflectButton.swift; sourceTree = "<group>"; };
		0C0A88A426B9545B00D80AEE /* TimeHelper.swift */ = {isa = PBXFileReference; lastKnownFileType = sourcecode.swift; path = TimeHelper.swift; sourceTree = "<group>"; };
		0C0A88A826B9973800D80AEE /* AnimasiHomepageMalam.json */ = {isa = PBXFileReference; fileEncoding = 4; lastKnownFileType = text.json; name = AnimasiHomepageMalam.json; path = "../../../../../../Dropbox (DeveloperAcademy-ID)/Tvvice MC3 Documentation/Asset/homepage/Lottie/AnimasiHomepageMalam.json"; sourceTree = "<group>"; };
		0C0A88AA26B9A69500D80AEE /* WhiteButton.swift */ = {isa = PBXFileReference; lastKnownFileType = sourcecode.swift; path = WhiteButton.swift; sourceTree = "<group>"; };
		0C0D673126B3A8F0005925E4 /* EmotionChart.swift */ = {isa = PBXFileReference; lastKnownFileType = sourcecode.swift; path = EmotionChart.swift; sourceTree = "<group>"; };
		0C62284326B18ECA00672AEA /* ReflectionCell.swift */ = {isa = PBXFileReference; lastKnownFileType = sourcecode.swift; path = ReflectionCell.swift; sourceTree = "<group>"; };
		0C62284526B1AEB800672AEA /* ProgressBubble.swift */ = {isa = PBXFileReference; lastKnownFileType = sourcecode.swift; path = ProgressBubble.swift; sourceTree = "<group>"; };
		0CBD70C626B848FC00B6E59E /* MainHeaderView.swift */ = {isa = PBXFileReference; lastKnownFileType = sourcecode.swift; path = MainHeaderView.swift; sourceTree = "<group>"; };
		0CBD70C826B850DE00B6E59E /* ChartDescriptionView.swift */ = {isa = PBXFileReference; lastKnownFileType = sourcecode.swift; path = ChartDescriptionView.swift; sourceTree = "<group>"; };
		0CDE373326B06D440006FE66 /* PrimaryButton.swift */ = {isa = PBXFileReference; lastKnownFileType = sourcecode.swift; path = PrimaryButton.swift; sourceTree = "<group>"; };
		4E22EC8B26B0715F002CD2C7 /* CheckinObservationView.swift */ = {isa = PBXFileReference; lastKnownFileType = sourcecode.swift; path = CheckinObservationView.swift; sourceTree = "<group>"; };
		4E580EF926B7E34E00229D9A /* CheckinSuccessView.swift */ = {isa = PBXFileReference; lastKnownFileType = sourcecode.swift; path = CheckinSuccessView.swift; sourceTree = "<group>"; };
		4E580EFB26B7E55E00229D9A /* NightEnding.json */ = {isa = PBXFileReference; fileEncoding = 4; lastKnownFileType = text.json; path = NightEnding.json; sourceTree = "<group>"; };
		4E580EFC26B7E55E00229D9A /* NoonEnding.json */ = {isa = PBXFileReference; fileEncoding = 4; lastKnownFileType = text.json; path = NoonEnding.json; sourceTree = "<group>"; };
		4E580EFD26B7E55F00229D9A /* MorningEnding.json */ = {isa = PBXFileReference; fileEncoding = 4; lastKnownFileType = text.json; path = MorningEnding.json; sourceTree = "<group>"; };
		4E580EFE26B7E55F00229D9A /* SunsetEnding.json */ = {isa = PBXFileReference; fileEncoding = 4; lastKnownFileType = text.json; path = SunsetEnding.json; sourceTree = "<group>"; };
		4E67393126B28D680037583E /* TabBar.swift */ = {isa = PBXFileReference; lastKnownFileType = sourcecode.swift; path = TabBar.swift; sourceTree = "<group>"; };
		4E67393526B2DA1D0037583E /* TabBarView.swift */ = {isa = PBXFileReference; lastKnownFileType = sourcecode.swift; path = TabBarView.swift; sourceTree = "<group>"; };
		4E91CA1C26B1730500387EE4 /* GoalDetailView.swift */ = {isa = PBXFileReference; lastKnownFileType = sourcecode.swift; path = GoalDetailView.swift; sourceTree = "<group>"; };
		4E91CA1E26B1802C00387EE4 /* CategoryLabel.swift */ = {isa = PBXFileReference; lastKnownFileType = sourcecode.swift; path = CategoryLabel.swift; sourceTree = "<group>"; };
		4E91CA2126B1BA9100387EE4 /* GoalCell.swift */ = {isa = PBXFileReference; lastKnownFileType = sourcecode.swift; path = GoalCell.swift; sourceTree = "<group>"; };
		4EB48B0826B39900004F04DD /* GoalView.swift */ = {isa = PBXFileReference; lastKnownFileType = sourcecode.swift; path = GoalView.swift; sourceTree = "<group>"; };
		4EF4222226B84EC700EA7341 /* Mood.swift */ = {isa = PBXFileReference; lastKnownFileType = sourcecode.swift; path = Mood.swift; sourceTree = "<group>"; };
		4EF4222426B84F2400EA7341 /* Category.swift */ = {isa = PBXFileReference; lastKnownFileType = sourcecode.swift; path = Category.swift; sourceTree = "<group>"; };
		4EF4222626B84F6800EA7341 /* Question.swift */ = {isa = PBXFileReference; lastKnownFileType = sourcecode.swift; path = Question.swift; sourceTree = "<group>"; };
		4EF4222826B850B900EA7341 /* Feedback.swift */ = {isa = PBXFileReference; lastKnownFileType = sourcecode.swift; path = Feedback.swift; sourceTree = "<group>"; };
		4EF4222A26B8512B00EA7341 /* Quotes.swift */ = {isa = PBXFileReference; lastKnownFileType = sourcecode.swift; path = Quotes.swift; sourceTree = "<group>"; };
		4EF4222C26B8516E00EA7341 /* Checkin.swift */ = {isa = PBXFileReference; lastKnownFileType = sourcecode.swift; path = Checkin.swift; sourceTree = "<group>"; };
		864B452D26B82EB000528ECF /* CheckinCategoryView.swift */ = {isa = PBXFileReference; lastKnownFileType = sourcecode.swift; path = CheckinCategoryView.swift; sourceTree = "<group>"; };
		866BC52826B6CD5A008AA685 /* ReflectionDetailView.swift */ = {isa = PBXFileReference; lastKnownFileType = sourcecode.swift; path = ReflectionDetailView.swift; sourceTree = "<group>"; };
		866BC52A26B6D0C7008AA685 /* ReflectionDetailViewModel.swift */ = {isa = PBXFileReference; lastKnownFileType = sourcecode.swift; path = ReflectionDetailViewModel.swift; sourceTree = "<group>"; };
		8689DE3D26B6EFF50084403B /* EMCalendarViewModel.swift */ = {isa = PBXFileReference; lastKnownFileType = sourcecode.swift; path = EMCalendarViewModel.swift; sourceTree = "<group>"; };
		8689DE3F26B6F8710084403B /* EMCalendar.swift */ = {isa = PBXFileReference; lastKnownFileType = sourcecode.swift; path = EMCalendar.swift; sourceTree = "<group>"; };
		868B0C2826B25DF70019A2B0 /* ColorExtension.swift */ = {isa = PBXFileReference; lastKnownFileType = sourcecode.swift; path = ColorExtension.swift; sourceTree = "<group>"; };
		868B0C2A26B26C7E0019A2B0 /* ThemeExtension.swift */ = {isa = PBXFileReference; lastKnownFileType = sourcecode.swift; path = ThemeExtension.swift; sourceTree = "<group>"; };
		86A6D7F126B04E02001C19E1 /* dummy2.swift */ = {isa = PBXFileReference; lastKnownFileType = sourcecode.swift; path = dummy2.swift; sourceTree = "<group>"; };
		86A6D7F326B04E0B001C19E1 /* dummy3.swift */ = {isa = PBXFileReference; lastKnownFileType = sourcecode.swift; path = dummy3.swift; sourceTree = "<group>"; };
		86A6D7F526B04E13001C19E1 /* dummy4.swift */ = {isa = PBXFileReference; lastKnownFileType = sourcecode.swift; path = dummy4.swift; sourceTree = "<group>"; };
		86A6D7F726B04E1C001C19E1 /* dummy5.swift */ = {isa = PBXFileReference; lastKnownFileType = sourcecode.swift; path = dummy5.swift; sourceTree = "<group>"; };
		86A6D7F926B04E25001C19E1 /* dummy6.swift */ = {isa = PBXFileReference; lastKnownFileType = sourcecode.swift; path = dummy6.swift; sourceTree = "<group>"; };
		86A6D7FB26B04E2F001C19E1 /* dummy7.swift */ = {isa = PBXFileReference; lastKnownFileType = sourcecode.swift; path = dummy7.swift; sourceTree = "<group>"; };
		86A6D80126B04E48001C19E1 /* dummy10.swift */ = {isa = PBXFileReference; lastKnownFileType = sourcecode.swift; path = dummy10.swift; sourceTree = "<group>"; };
		86A6D80B26B05455001C19E1 /* ButtonOutlined.swift */ = {isa = PBXFileReference; lastKnownFileType = sourcecode.swift; path = ButtonOutlined.swift; sourceTree = "<group>"; };
		E8E9D5A626B2EFB000D331EF /* TextField.swift */ = {isa = PBXFileReference; lastKnownFileType = sourcecode.swift; path = TextField.swift; sourceTree = "<group>"; };
		E8EC034C26B7BB9800318CA7 /* LottieView.swift */ = {isa = PBXFileReference; lastKnownFileType = sourcecode.swift; path = LottieView.swift; sourceTree = "<group>"; };
		E8EC034E26B7BBBC00318CA7 /* BackgroundView.swift */ = {isa = PBXFileReference; lastKnownFileType = sourcecode.swift; path = BackgroundView.swift; sourceTree = "<group>"; };
		E8EC036726B7BC0100318CA7 /* CheckinDescriptionView.swift */ = {isa = PBXFileReference; lastKnownFileType = sourcecode.swift; path = CheckinDescriptionView.swift; sourceTree = "<group>"; };
		E8EC036A26B7BCF700318CA7 /* AnimasiHomepageSore.json */ = {isa = PBXFileReference; fileEncoding = 4; lastKnownFileType = text.json; path = AnimasiHomepageSore.json; sourceTree = "<group>"; };
		E8EC036C26B7BCF700318CA7 /* AnimasiHomepageSiang.json */ = {isa = PBXFileReference; fileEncoding = 4; lastKnownFileType = text.json; path = AnimasiHomepageSiang.json; sourceTree = "<group>"; };
		E8EC036D26B7BCF700318CA7 /* AnimasiHomepagePagi.json */ = {isa = PBXFileReference; fileEncoding = 4; lastKnownFileType = text.json; path = AnimasiHomepagePagi.json; sourceTree = "<group>"; };
		EFDC625826A7E4A200E4D068 /* emocean.app */ = {isa = PBXFileReference; explicitFileType = wrapper.application; includeInIndex = 0; path = emocean.app; sourceTree = BUILT_PRODUCTS_DIR; };
		EFDC625B26A7E4A200E4D068 /* emoceanApp.swift */ = {isa = PBXFileReference; lastKnownFileType = sourcecode.swift; path = emoceanApp.swift; sourceTree = "<group>"; };
		EFDC625D26A7E4A200E4D068 /* ContentView.swift */ = {isa = PBXFileReference; lastKnownFileType = sourcecode.swift; path = ContentView.swift; sourceTree = "<group>"; };
		EFDC625F26A7E4A400E4D068 /* Assets.xcassets */ = {isa = PBXFileReference; lastKnownFileType = folder.assetcatalog; path = Assets.xcassets; sourceTree = "<group>"; };
		EFDC626226A7E4A400E4D068 /* Preview Assets.xcassets */ = {isa = PBXFileReference; lastKnownFileType = folder.assetcatalog; path = "Preview Assets.xcassets"; sourceTree = "<group>"; };
		EFDC626426A7E4A400E4D068 /* Info.plist */ = {isa = PBXFileReference; lastKnownFileType = text.plist.xml; path = Info.plist; sourceTree = "<group>"; };
		EFDC626926A7E4A400E4D068 /* emoceanTests.xctest */ = {isa = PBXFileReference; explicitFileType = wrapper.cfbundle; includeInIndex = 0; path = emoceanTests.xctest; sourceTree = BUILT_PRODUCTS_DIR; };
		EFDC626D26A7E4A400E4D068 /* emoceanTests.swift */ = {isa = PBXFileReference; lastKnownFileType = sourcecode.swift; path = emoceanTests.swift; sourceTree = "<group>"; };
		EFDC626F26A7E4A400E4D068 /* Info.plist */ = {isa = PBXFileReference; lastKnownFileType = text.plist.xml; path = Info.plist; sourceTree = "<group>"; };
		EFDC627426A7E4A400E4D068 /* emoceanUITests.xctest */ = {isa = PBXFileReference; explicitFileType = wrapper.cfbundle; includeInIndex = 0; path = emoceanUITests.xctest; sourceTree = BUILT_PRODUCTS_DIR; };
		EFDC627826A7E4A400E4D068 /* emoceanUITests.swift */ = {isa = PBXFileReference; lastKnownFileType = sourcecode.swift; path = emoceanUITests.swift; sourceTree = "<group>"; };
		EFDC627A26A7E4A400E4D068 /* Info.plist */ = {isa = PBXFileReference; lastKnownFileType = text.plist.xml; path = Info.plist; sourceTree = "<group>"; };
/* End PBXFileReference section */

/* Begin PBXFrameworksBuildPhase section */
		EFDC625526A7E4A200E4D068 /* Frameworks */ = {
			isa = PBXFrameworksBuildPhase;
			buildActionMask = 2147483647;
			files = (
				0C0D672E26B2E8C2005925E4 /* WrappingHStack in Frameworks */,
				E8EC035226B7BBDF00318CA7 /* Lottie in Frameworks */,
			);
			runOnlyForDeploymentPostprocessing = 0;
		};
		EFDC626626A7E4A400E4D068 /* Frameworks */ = {
			isa = PBXFrameworksBuildPhase;
			buildActionMask = 2147483647;
			files = (
			);
			runOnlyForDeploymentPostprocessing = 0;
		};
		EFDC627126A7E4A400E4D068 /* Frameworks */ = {
			isa = PBXFrameworksBuildPhase;
			buildActionMask = 2147483647;
			files = (
			);
			runOnlyForDeploymentPostprocessing = 0;
		};
/* End PBXFrameworksBuildPhase section */

/* Begin PBXGroup section */
		0C08BA5826B7C0CE003399BE /* MainView */ = {
			isa = PBXGroup;
			children = (
				0C08BA5B26B81ADC003399BE /* MainView.swift */,
			);
			path = MainView;
			sourceTree = "<group>";
		};
		0C08BA5D26B81C1E003399BE /* Helper */ = {
			isa = PBXGroup;
			children = (
				0C08BA5926B81A7A003399BE /* MotionManager.swift */,
				0C0A88A426B9545B00D80AEE /* TimeHelper.swift */,
			);
			path = Helper;
			sourceTree = "<group>";
		};
		4E22EC8A26B07145002CD2C7 /* CheckinObservation */ = {
			isa = PBXGroup;
			children = (
				4E22EC8B26B0715F002CD2C7 /* CheckinObservationView.swift */,
				E8EC036726B7BC0100318CA7 /* CheckinDescriptionView.swift */,
			);
			name = CheckinObservation;
			path = ../Resources/CheckinObservation;
			sourceTree = "<group>";
		};
		4E580EF826B7E31400229D9A /* CheckinSuccess */ = {
			isa = PBXGroup;
			children = (
				4E580EF926B7E34E00229D9A /* CheckinSuccessView.swift */,
			);
			path = CheckinSuccess;
			sourceTree = "<group>";
		};
		4E67392D26B28A710037583E /* TabBar */ = {
			isa = PBXGroup;
			children = (
				4E67393126B28D680037583E /* TabBar.swift */,
				4E67393526B2DA1D0037583E /* TabBarView.swift */,
			);
			path = TabBar;
			sourceTree = "<group>";
		};
		4E91CA2026B1BA3000387EE4 /* GoalsView */ = {
			isa = PBXGroup;
			children = (
				4E91CA1C26B1730500387EE4 /* GoalDetailView.swift */,
				4E91CA2126B1BA9100387EE4 /* GoalCell.swift */,
				4EB48B0826B39900004F04DD /* GoalView.swift */,
			);
			path = GoalsView;
			sourceTree = "<group>";
		};
		864B452C26B82E9C00528ECF /* CheckinCategory */ = {
			isa = PBXGroup;
			children = (
				864B452D26B82EB000528ECF /* CheckinCategoryView.swift */,
			);
			path = CheckinCategory;
			sourceTree = "<group>";
		};
		866BC52726B6CD49008AA685 /* ReflectionDetail */ = {
			isa = PBXGroup;
			children = (
				866BC52826B6CD5A008AA685 /* ReflectionDetailView.swift */,
				866BC52A26B6D0C7008AA685 /* ReflectionDetailViewModel.swift */,
			);
			path = ReflectionDetail;
			sourceTree = "<group>";
		};
		8689DE3C26B6EFE40084403B /* EMCalendar */ = {
			isa = PBXGroup;
			children = (
				8689DE3D26B6EFF50084403B /* EMCalendarViewModel.swift */,
				8689DE3F26B6F8710084403B /* EMCalendar.swift */,
			);
			path = EMCalendar;
			sourceTree = "<group>";
		};
		86DA0ABE26AF0E6600FA2C53 /* Util */ = {
			isa = PBXGroup;
			children = (
				0C08BA5D26B81C1E003399BE /* Helper */,
				86DA0ABF26AF0E7A00FA2C53 /* Extensions */,
				86DA0AC126AF0E8A00FA2C53 /* Services */,
				86DA0AC026AF0E8000FA2C53 /* Networking */,
				86DA0AC426AF0EB300FA2C53 /* ResultState */,
				86DA0AC326AF0E9E00FA2C53 /* FileManager */,
				86DA0AC226AF0E9A00FA2C53 /* Error */,
			);
			path = Util;
			sourceTree = "<group>";
		};
		86DA0ABF26AF0E7A00FA2C53 /* Extensions */ = {
			isa = PBXGroup;
			children = (
				868B0C2826B25DF70019A2B0 /* ColorExtension.swift */,
				868B0C2A26B26C7E0019A2B0 /* ThemeExtension.swift */,
			);
			path = Extensions;
			sourceTree = "<group>";
		};
		86DA0AC026AF0E8000FA2C53 /* Networking */ = {
			isa = PBXGroup;
			children = (
				86A6D7F326B04E0B001C19E1 /* dummy3.swift */,
			);
			path = Networking;
			sourceTree = "<group>";
		};
		86DA0AC126AF0E8A00FA2C53 /* Services */ = {
			isa = PBXGroup;
			children = (
				86A6D7F126B04E02001C19E1 /* dummy2.swift */,
			);
			path = Services;
			sourceTree = "<group>";
		};
		86DA0AC226AF0E9A00FA2C53 /* Error */ = {
			isa = PBXGroup;
			children = (
				86A6D7F926B04E25001C19E1 /* dummy6.swift */,
			);
			path = Error;
			sourceTree = "<group>";
		};
		86DA0AC326AF0E9E00FA2C53 /* FileManager */ = {
			isa = PBXGroup;
			children = (
				86A6D7F726B04E1C001C19E1 /* dummy5.swift */,
			);
			path = FileManager;
			sourceTree = "<group>";
		};
		86DA0AC426AF0EB300FA2C53 /* ResultState */ = {
			isa = PBXGroup;
			children = (
				86A6D7F526B04E13001C19E1 /* dummy4.swift */,
			);
			path = ResultState;
			sourceTree = "<group>";
		};
		86DA0AC526AF0F3500FA2C53 /* Models */ = {
			isa = PBXGroup;
			children = (
				86A6D7FB26B04E2F001C19E1 /* dummy7.swift */,
				4EF4222226B84EC700EA7341 /* Mood.swift */,
				4EF4222426B84F2400EA7341 /* Category.swift */,
				4EF4222626B84F6800EA7341 /* Question.swift */,
				4EF4222826B850B900EA7341 /* Feedback.swift */,
				4EF4222A26B8512B00EA7341 /* Quotes.swift */,
				4EF4222C26B8516E00EA7341 /* Checkin.swift */,
			);
			path = Models;
			sourceTree = "<group>";
		};
		86DA0AC626AF0F4000FA2C53 /* Cores */ = {
			isa = PBXGroup;
			children = (
				4E580EF826B7E31400229D9A /* CheckinSuccess */,
				864B452C26B82E9C00528ECF /* CheckinCategory */,
				0C08BA5826B7C0CE003399BE /* MainView */,
				866BC52726B6CD49008AA685 /* ReflectionDetail */,
				4E67392D26B28A710037583E /* TabBar */,
				4E91CA2026B1BA3000387EE4 /* GoalsView */,
				4E22EC8A26B07145002CD2C7 /* CheckinObservation */,
				86DA0AC726AF0F5E00FA2C53 /* Components */,
			);
			path = Cores;
			sourceTree = "<group>";
		};
		86DA0AC726AF0F5E00FA2C53 /* Components */ = {
			isa = PBXGroup;
			children = (
				8689DE3C26B6EFE40084403B /* EMCalendar */,
				86A6D80B26B05455001C19E1 /* ButtonOutlined.swift */,
				0CDE373326B06D440006FE66 /* PrimaryButton.swift */,
				4E91CA1E26B1802C00387EE4 /* CategoryLabel.swift */,
				0C62284326B18ECA00672AEA /* ReflectionCell.swift */,
				0C62284526B1AEB800672AEA /* ProgressBubble.swift */,
				0C08BA5E26B83200003399BE /* ReflectButton.swift */,
				0CBD70C626B848FC00B6E59E /* MainHeaderView.swift */,
				0CBD70C826B850DE00B6E59E /* ChartDescriptionView.swift */,
				E8E9D5A626B2EFB000D331EF /* TextField.swift */,
				0C0D673126B3A8F0005925E4 /* EmotionChart.swift */,
				E8EC034C26B7BB9800318CA7 /* LottieView.swift */,
				E8EC034E26B7BBBC00318CA7 /* BackgroundView.swift */,
				0C0A88AA26B9A69500D80AEE /* WhiteButton.swift */,
			);
			path = Components;
			sourceTree = "<group>";
		};
		86DA0AC826AF0F6F00FA2C53 /* Resources */ = {
			isa = PBXGroup;
			children = (
				E8EC036926B7BCF700318CA7 /* Lottie */,
				86A6D80126B04E48001C19E1 /* dummy10.swift */,
			);
			path = Resources;
			sourceTree = "<group>";
		};
		E8EC036926B7BCF700318CA7 /* Lottie */ = {
			isa = PBXGroup;
			children = (
				4E580EFB26B7E55E00229D9A /* NightEnding.json */,
				4E580EFD26B7E55F00229D9A /* MorningEnding.json */,
				4E580EFC26B7E55E00229D9A /* NoonEnding.json */,
				4E580EFE26B7E55F00229D9A /* SunsetEnding.json */,
				E8EC036A26B7BCF700318CA7 /* AnimasiHomepageSore.json */,
				0C0A88A826B9973800D80AEE /* AnimasiHomepageMalam.json */,
				E8EC036C26B7BCF700318CA7 /* AnimasiHomepageSiang.json */,
				E8EC036D26B7BCF700318CA7 /* AnimasiHomepagePagi.json */,
			);
			path = Lottie;
			sourceTree = "<group>";
		};
		EFDC624F26A7E4A200E4D068 = {
			isa = PBXGroup;
			children = (
				EFDC625A26A7E4A200E4D068 /* emocean */,
				EFDC626C26A7E4A400E4D068 /* emoceanTests */,
				EFDC627726A7E4A400E4D068 /* emoceanUITests */,
				EFDC625926A7E4A200E4D068 /* Products */,
			);
			sourceTree = "<group>";
		};
		EFDC625926A7E4A200E4D068 /* Products */ = {
			isa = PBXGroup;
			children = (
				EFDC625826A7E4A200E4D068 /* emocean.app */,
				EFDC626926A7E4A400E4D068 /* emoceanTests.xctest */,
				EFDC627426A7E4A400E4D068 /* emoceanUITests.xctest */,
			);
			name = Products;
			sourceTree = "<group>";
		};
		EFDC625A26A7E4A200E4D068 /* emocean */ = {
			isa = PBXGroup;
			children = (
				86DA0ABE26AF0E6600FA2C53 /* Util */,
				86DA0AC526AF0F3500FA2C53 /* Models */,
				86DA0AC626AF0F4000FA2C53 /* Cores */,
				86DA0AC826AF0F6F00FA2C53 /* Resources */,
				EFDC625B26A7E4A200E4D068 /* emoceanApp.swift */,
				EFDC625D26A7E4A200E4D068 /* ContentView.swift */,
				EFDC625F26A7E4A400E4D068 /* Assets.xcassets */,
				EFDC626426A7E4A400E4D068 /* Info.plist */,
				EFDC626126A7E4A400E4D068 /* Preview Content */,
			);
			path = emocean;
			sourceTree = "<group>";
		};
		EFDC626126A7E4A400E4D068 /* Preview Content */ = {
			isa = PBXGroup;
			children = (
				EFDC626226A7E4A400E4D068 /* Preview Assets.xcassets */,
			);
			path = "Preview Content";
			sourceTree = "<group>";
		};
		EFDC626C26A7E4A400E4D068 /* emoceanTests */ = {
			isa = PBXGroup;
			children = (
				EFDC626D26A7E4A400E4D068 /* emoceanTests.swift */,
				EFDC626F26A7E4A400E4D068 /* Info.plist */,
			);
			path = emoceanTests;
			sourceTree = "<group>";
		};
		EFDC627726A7E4A400E4D068 /* emoceanUITests */ = {
			isa = PBXGroup;
			children = (
				EFDC627826A7E4A400E4D068 /* emoceanUITests.swift */,
				EFDC627A26A7E4A400E4D068 /* Info.plist */,
			);
			path = emoceanUITests;
			sourceTree = "<group>";
		};
/* End PBXGroup section */

/* Begin PBXNativeTarget section */
		EFDC625726A7E4A200E4D068 /* emocean */ = {
			isa = PBXNativeTarget;
			buildConfigurationList = EFDC627D26A7E4A400E4D068 /* Build configuration list for PBXNativeTarget "emocean" */;
			buildPhases = (
				EFDC625426A7E4A200E4D068 /* Sources */,
				EFDC625526A7E4A200E4D068 /* Frameworks */,
				EFDC625626A7E4A200E4D068 /* Resources */,
				EF79012A26B0D09300DF7F0D /* Run Linter Script */,
			);
			buildRules = (
			);
			dependencies = (
			);
			name = emocean;
			packageProductDependencies = (
				0C0D672D26B2E8C2005925E4 /* WrappingHStack */,
				E8EC035126B7BBDF00318CA7 /* Lottie */,
			);
			productName = emocean;
			productReference = EFDC625826A7E4A200E4D068 /* emocean.app */;
			productType = "com.apple.product-type.application";
		};
		EFDC626826A7E4A400E4D068 /* emoceanTests */ = {
			isa = PBXNativeTarget;
			buildConfigurationList = EFDC628026A7E4A400E4D068 /* Build configuration list for PBXNativeTarget "emoceanTests" */;
			buildPhases = (
				EFDC626526A7E4A400E4D068 /* Sources */,
				EFDC626626A7E4A400E4D068 /* Frameworks */,
				EFDC626726A7E4A400E4D068 /* Resources */,
			);
			buildRules = (
			);
			dependencies = (
				EFDC626B26A7E4A400E4D068 /* PBXTargetDependency */,
			);
			name = emoceanTests;
			productName = emoceanTests;
			productReference = EFDC626926A7E4A400E4D068 /* emoceanTests.xctest */;
			productType = "com.apple.product-type.bundle.unit-test";
		};
		EFDC627326A7E4A400E4D068 /* emoceanUITests */ = {
			isa = PBXNativeTarget;
			buildConfigurationList = EFDC628326A7E4A400E4D068 /* Build configuration list for PBXNativeTarget "emoceanUITests" */;
			buildPhases = (
				EFDC627026A7E4A400E4D068 /* Sources */,
				EFDC627126A7E4A400E4D068 /* Frameworks */,
				EFDC627226A7E4A400E4D068 /* Resources */,
			);
			buildRules = (
			);
			dependencies = (
				EFDC627626A7E4A400E4D068 /* PBXTargetDependency */,
			);
			name = emoceanUITests;
			productName = emoceanUITests;
			productReference = EFDC627426A7E4A400E4D068 /* emoceanUITests.xctest */;
			productType = "com.apple.product-type.bundle.ui-testing";
		};
/* End PBXNativeTarget section */

/* Begin PBXProject section */
		EFDC625026A7E4A200E4D068 /* Project object */ = {
			isa = PBXProject;
			attributes = {
				LastSwiftUpdateCheck = 1250;
				LastUpgradeCheck = 1250;
				TargetAttributes = {
					EFDC625726A7E4A200E4D068 = {
						CreatedOnToolsVersion = 12.5.1;
					};
					EFDC626826A7E4A400E4D068 = {
						CreatedOnToolsVersion = 12.5.1;
						TestTargetID = EFDC625726A7E4A200E4D068;
					};
					EFDC627326A7E4A400E4D068 = {
						CreatedOnToolsVersion = 12.5.1;
						TestTargetID = EFDC625726A7E4A200E4D068;
					};
				};
			};
			buildConfigurationList = EFDC625326A7E4A200E4D068 /* Build configuration list for PBXProject "emocean" */;
			compatibilityVersion = "Xcode 9.3";
			developmentRegion = en;
			hasScannedForEncodings = 0;
			knownRegions = (
				en,
				Base,
			);
			mainGroup = EFDC624F26A7E4A200E4D068;
			packageReferences = (
				0C0D672C26B2E8C2005925E4 /* XCRemoteSwiftPackageReference "WrappingHStack" */,
				E8EC035026B7BBDF00318CA7 /* XCRemoteSwiftPackageReference "lottie-ios" */,
			);
			productRefGroup = EFDC625926A7E4A200E4D068 /* Products */;
			projectDirPath = "";
			projectRoot = "";
			targets = (
				EFDC625726A7E4A200E4D068 /* emocean */,
				EFDC626826A7E4A400E4D068 /* emoceanTests */,
				EFDC627326A7E4A400E4D068 /* emoceanUITests */,
			);
		};
/* End PBXProject section */

/* Begin PBXResourcesBuildPhase section */
		EFDC625626A7E4A200E4D068 /* Resources */ = {
			isa = PBXResourcesBuildPhase;
			buildActionMask = 2147483647;
			files = (
				E8EC036E26B7BCF800318CA7 /* AnimasiHomepageSore.json in Resources */,
				E8EC037126B7BCF800318CA7 /* AnimasiHomepagePagi.json in Resources */,
				E8EC037026B7BCF800318CA7 /* AnimasiHomepageSiang.json in Resources */,
				4E580F0226B7E55F00229D9A /* SunsetEnding.json in Resources */,
				4E580F0126B7E55F00229D9A /* MorningEnding.json in Resources */,
				4E580F0026B7E55F00229D9A /* NoonEnding.json in Resources */,
				0C0A88A926B9973800D80AEE /* AnimasiHomepageMalam.json in Resources */,
				EFDC626326A7E4A400E4D068 /* Preview Assets.xcassets in Resources */,
				4E580EFF26B7E55F00229D9A /* NightEnding.json in Resources */,
				EFDC626026A7E4A400E4D068 /* Assets.xcassets in Resources */,
			);
			runOnlyForDeploymentPostprocessing = 0;
		};
		EFDC626726A7E4A400E4D068 /* Resources */ = {
			isa = PBXResourcesBuildPhase;
			buildActionMask = 2147483647;
			files = (
			);
			runOnlyForDeploymentPostprocessing = 0;
		};
		EFDC627226A7E4A400E4D068 /* Resources */ = {
			isa = PBXResourcesBuildPhase;
			buildActionMask = 2147483647;
			files = (
			);
			runOnlyForDeploymentPostprocessing = 0;
		};
/* End PBXResourcesBuildPhase section */

/* Begin PBXShellScriptBuildPhase section */
		EF79012A26B0D09300DF7F0D /* Run Linter Script */ = {
			isa = PBXShellScriptBuildPhase;
			buildActionMask = 2147483647;
			files = (
			);
			inputFileListPaths = (
			);
			inputPaths = (
			);
			name = "Run Linter Script";
			outputFileListPaths = (
			);
			outputPaths = (
			);
			runOnlyForDeploymentPostprocessing = 0;
			shellPath = /bin/sh;
			shellScript = "if which swiftlint >/dev/null; then\nswiftlint\nelse\necho \"warning: SwiftLint not installed, download from https://github.com/realm/SwiftLint\"\nfi\n";
		};
/* End PBXShellScriptBuildPhase section */

/* Begin PBXSourcesBuildPhase section */
		EFDC625426A7E4A200E4D068 /* Sources */ = {
			isa = PBXSourcesBuildPhase;
			buildActionMask = 2147483647;
			files = (
				4E22EC8C26B0715F002CD2C7 /* CheckinObservationView.swift in Sources */,
				0C08BA5A26B81A7A003399BE /* MotionManager.swift in Sources */,
				86A6D7FC26B04E2F001C19E1 /* dummy7.swift in Sources */,
				864B452E26B82EB000528ECF /* CheckinCategoryView.swift in Sources */,
				E8EC034D26B7BB9800318CA7 /* LottieView.swift in Sources */,
				86A6D80226B04E48001C19E1 /* dummy10.swift in Sources */,
				E8E9D5A726B2EFB000D331EF /* TextField.swift in Sources */,
				0CBD70C926B850DE00B6E59E /* ChartDescriptionView.swift in Sources */,
				0CDE373426B06D440006FE66 /* PrimaryButton.swift in Sources */,
				86A6D80C26B05455001C19E1 /* ButtonOutlined.swift in Sources */,
				4EF4222B26B8512B00EA7341 /* Quotes.swift in Sources */,
				4EF4222526B84F2400EA7341 /* Category.swift in Sources */,
				86A6D7FA26B04E25001C19E1 /* dummy6.swift in Sources */,
				4EF4222726B84F6800EA7341 /* Question.swift in Sources */,
				4E580EFA26B7E34E00229D9A /* CheckinSuccessView.swift in Sources */,
				86A6D7F226B04E02001C19E1 /* dummy2.swift in Sources */,
				0C0A88AB26B9A69500D80AEE /* WhiteButton.swift in Sources */,
				4E67393626B2DA1D0037583E /* TabBarView.swift in Sources */,
				E8EC034F26B7BBBC00318CA7 /* BackgroundView.swift in Sources */,
				EFDC625E26A7E4A200E4D068 /* ContentView.swift in Sources */,
				4E91CA2226B1BA9100387EE4 /* GoalCell.swift in Sources */,
				86A6D7F626B04E13001C19E1 /* dummy4.swift in Sources */,
				0C08BA5F26B83200003399BE /* ReflectButton.swift in Sources */,
				866BC52B26B6D0C7008AA685 /* ReflectionDetailViewModel.swift in Sources */,
				0C62284426B18ECA00672AEA /* ReflectionCell.swift in Sources */,
				86A6D7F826B04E1C001C19E1 /* dummy5.swift in Sources */,
				86A6D7F426B04E0B001C19E1 /* dummy3.swift in Sources */,
				866BC52926B6CD5A008AA685 /* ReflectionDetailView.swift in Sources */,
				4EF4222926B850B900EA7341 /* Feedback.swift in Sources */,
				EFDC625C26A7E4A200E4D068 /* emoceanApp.swift in Sources */,
				4E91CA1F26B1802C00387EE4 /* CategoryLabel.swift in Sources */,
				8689DE3E26B6EFF50084403B /* EMCalendarViewModel.swift in Sources */,
				E8EC036826B7BC0100318CA7 /* CheckinDescriptionView.swift in Sources */,
				4E91CA1D26B1730500387EE4 /* GoalDetailView.swift in Sources */,
				0C0D673226B3A8F0005925E4 /* EmotionChart.swift in Sources */,
				4EF4222D26B8516E00EA7341 /* Checkin.swift in Sources */,
				0C62284626B1AEB800672AEA /* ProgressBubble.swift in Sources */,
				4EF4222326B84EC700EA7341 /* Mood.swift in Sources */,
				8689DE4026B6F8710084403B /* EMCalendar.swift in Sources */,
				868B0C2B26B26C7E0019A2B0 /* ThemeExtension.swift in Sources */,
				0C0A88A526B9545B00D80AEE /* TimeHelper.swift in Sources */,
				0CBD70C726B848FC00B6E59E /* MainHeaderView.swift in Sources */,
				4EB48B0926B39900004F04DD /* GoalView.swift in Sources */,
				0C08BA5C26B81ADC003399BE /* MainView.swift in Sources */,
				868B0C2926B25DF70019A2B0 /* ColorExtension.swift in Sources */,
				4E67393226B28D680037583E /* TabBar.swift in Sources */,
			);
			runOnlyForDeploymentPostprocessing = 0;
		};
		EFDC626526A7E4A400E4D068 /* Sources */ = {
			isa = PBXSourcesBuildPhase;
			buildActionMask = 2147483647;
			files = (
				EFDC626E26A7E4A400E4D068 /* emoceanTests.swift in Sources */,
			);
			runOnlyForDeploymentPostprocessing = 0;
		};
		EFDC627026A7E4A400E4D068 /* Sources */ = {
			isa = PBXSourcesBuildPhase;
			buildActionMask = 2147483647;
			files = (
				EFDC627926A7E4A400E4D068 /* emoceanUITests.swift in Sources */,
			);
			runOnlyForDeploymentPostprocessing = 0;
		};
/* End PBXSourcesBuildPhase section */

/* Begin PBXTargetDependency section */
		EFDC626B26A7E4A400E4D068 /* PBXTargetDependency */ = {
			isa = PBXTargetDependency;
			target = EFDC625726A7E4A200E4D068 /* emocean */;
			targetProxy = EFDC626A26A7E4A400E4D068 /* PBXContainerItemProxy */;
		};
		EFDC627626A7E4A400E4D068 /* PBXTargetDependency */ = {
			isa = PBXTargetDependency;
			target = EFDC625726A7E4A200E4D068 /* emocean */;
			targetProxy = EFDC627526A7E4A400E4D068 /* PBXContainerItemProxy */;
		};
/* End PBXTargetDependency section */

/* Begin XCBuildConfiguration section */
		EFDC627B26A7E4A400E4D068 /* Debug */ = {
			isa = XCBuildConfiguration;
			buildSettings = {
				ALWAYS_SEARCH_USER_PATHS = NO;
				CLANG_ANALYZER_NONNULL = YES;
				CLANG_ANALYZER_NUMBER_OBJECT_CONVERSION = YES_AGGRESSIVE;
				CLANG_CXX_LANGUAGE_STANDARD = "gnu++14";
				CLANG_CXX_LIBRARY = "libc++";
				CLANG_ENABLE_MODULES = YES;
				CLANG_ENABLE_OBJC_ARC = YES;
				CLANG_ENABLE_OBJC_WEAK = YES;
				CLANG_WARN_BLOCK_CAPTURE_AUTORELEASING = YES;
				CLANG_WARN_BOOL_CONVERSION = YES;
				CLANG_WARN_COMMA = YES;
				CLANG_WARN_CONSTANT_CONVERSION = YES;
				CLANG_WARN_DEPRECATED_OBJC_IMPLEMENTATIONS = YES;
				CLANG_WARN_DIRECT_OBJC_ISA_USAGE = YES_ERROR;
				CLANG_WARN_DOCUMENTATION_COMMENTS = YES;
				CLANG_WARN_EMPTY_BODY = YES;
				CLANG_WARN_ENUM_CONVERSION = YES;
				CLANG_WARN_INFINITE_RECURSION = YES;
				CLANG_WARN_INT_CONVERSION = YES;
				CLANG_WARN_NON_LITERAL_NULL_CONVERSION = YES;
				CLANG_WARN_OBJC_IMPLICIT_RETAIN_SELF = YES;
				CLANG_WARN_OBJC_LITERAL_CONVERSION = YES;
				CLANG_WARN_OBJC_ROOT_CLASS = YES_ERROR;
				CLANG_WARN_QUOTED_INCLUDE_IN_FRAMEWORK_HEADER = YES;
				CLANG_WARN_RANGE_LOOP_ANALYSIS = YES;
				CLANG_WARN_STRICT_PROTOTYPES = YES;
				CLANG_WARN_SUSPICIOUS_MOVE = YES;
				CLANG_WARN_UNGUARDED_AVAILABILITY = YES_AGGRESSIVE;
				CLANG_WARN_UNREACHABLE_CODE = YES;
				CLANG_WARN__DUPLICATE_METHOD_MATCH = YES;
				COPY_PHASE_STRIP = NO;
				DEBUG_INFORMATION_FORMAT = dwarf;
				ENABLE_STRICT_OBJC_MSGSEND = YES;
				ENABLE_TESTABILITY = YES;
				GCC_C_LANGUAGE_STANDARD = gnu11;
				GCC_DYNAMIC_NO_PIC = NO;
				GCC_NO_COMMON_BLOCKS = YES;
				GCC_OPTIMIZATION_LEVEL = 0;
				GCC_PREPROCESSOR_DEFINITIONS = (
					"DEBUG=1",
					"$(inherited)",
				);
				GCC_WARN_64_TO_32_BIT_CONVERSION = YES;
				GCC_WARN_ABOUT_RETURN_TYPE = YES_ERROR;
				GCC_WARN_UNDECLARED_SELECTOR = YES;
				GCC_WARN_UNINITIALIZED_AUTOS = YES_AGGRESSIVE;
				GCC_WARN_UNUSED_FUNCTION = YES;
				GCC_WARN_UNUSED_VARIABLE = YES;
				IPHONEOS_DEPLOYMENT_TARGET = 14.4;
				MTL_ENABLE_DEBUG_INFO = INCLUDE_SOURCE;
				MTL_FAST_MATH = YES;
				ONLY_ACTIVE_ARCH = YES;
				SDKROOT = iphoneos;
				SWIFT_ACTIVE_COMPILATION_CONDITIONS = DEBUG;
				SWIFT_OPTIMIZATION_LEVEL = "-Onone";
			};
			name = Debug;
		};
		EFDC627C26A7E4A400E4D068 /* Release */ = {
			isa = XCBuildConfiguration;
			buildSettings = {
				ALWAYS_SEARCH_USER_PATHS = NO;
				CLANG_ANALYZER_NONNULL = YES;
				CLANG_ANALYZER_NUMBER_OBJECT_CONVERSION = YES_AGGRESSIVE;
				CLANG_CXX_LANGUAGE_STANDARD = "gnu++14";
				CLANG_CXX_LIBRARY = "libc++";
				CLANG_ENABLE_MODULES = YES;
				CLANG_ENABLE_OBJC_ARC = YES;
				CLANG_ENABLE_OBJC_WEAK = YES;
				CLANG_WARN_BLOCK_CAPTURE_AUTORELEASING = YES;
				CLANG_WARN_BOOL_CONVERSION = YES;
				CLANG_WARN_COMMA = YES;
				CLANG_WARN_CONSTANT_CONVERSION = YES;
				CLANG_WARN_DEPRECATED_OBJC_IMPLEMENTATIONS = YES;
				CLANG_WARN_DIRECT_OBJC_ISA_USAGE = YES_ERROR;
				CLANG_WARN_DOCUMENTATION_COMMENTS = YES;
				CLANG_WARN_EMPTY_BODY = YES;
				CLANG_WARN_ENUM_CONVERSION = YES;
				CLANG_WARN_INFINITE_RECURSION = YES;
				CLANG_WARN_INT_CONVERSION = YES;
				CLANG_WARN_NON_LITERAL_NULL_CONVERSION = YES;
				CLANG_WARN_OBJC_IMPLICIT_RETAIN_SELF = YES;
				CLANG_WARN_OBJC_LITERAL_CONVERSION = YES;
				CLANG_WARN_OBJC_ROOT_CLASS = YES_ERROR;
				CLANG_WARN_QUOTED_INCLUDE_IN_FRAMEWORK_HEADER = YES;
				CLANG_WARN_RANGE_LOOP_ANALYSIS = YES;
				CLANG_WARN_STRICT_PROTOTYPES = YES;
				CLANG_WARN_SUSPICIOUS_MOVE = YES;
				CLANG_WARN_UNGUARDED_AVAILABILITY = YES_AGGRESSIVE;
				CLANG_WARN_UNREACHABLE_CODE = YES;
				CLANG_WARN__DUPLICATE_METHOD_MATCH = YES;
				COPY_PHASE_STRIP = NO;
				DEBUG_INFORMATION_FORMAT = "dwarf-with-dsym";
				ENABLE_NS_ASSERTIONS = NO;
				ENABLE_STRICT_OBJC_MSGSEND = YES;
				GCC_C_LANGUAGE_STANDARD = gnu11;
				GCC_NO_COMMON_BLOCKS = YES;
				GCC_WARN_64_TO_32_BIT_CONVERSION = YES;
				GCC_WARN_ABOUT_RETURN_TYPE = YES_ERROR;
				GCC_WARN_UNDECLARED_SELECTOR = YES;
				GCC_WARN_UNINITIALIZED_AUTOS = YES_AGGRESSIVE;
				GCC_WARN_UNUSED_FUNCTION = YES;
				GCC_WARN_UNUSED_VARIABLE = YES;
				IPHONEOS_DEPLOYMENT_TARGET = 14.4;
				MTL_ENABLE_DEBUG_INFO = NO;
				MTL_FAST_MATH = YES;
				SDKROOT = iphoneos;
				SWIFT_COMPILATION_MODE = wholemodule;
				SWIFT_OPTIMIZATION_LEVEL = "-O";
				VALIDATE_PRODUCT = YES;
			};
			name = Release;
		};
		EFDC627E26A7E4A400E4D068 /* Debug */ = {
			isa = XCBuildConfiguration;
			buildSettings = {
				ASSETCATALOG_COMPILER_APPICON_NAME = AppIcon;
				ASSETCATALOG_COMPILER_GLOBAL_ACCENT_COLOR_NAME = AccentColor;
				CODE_SIGN_STYLE = Automatic;
				DEVELOPMENT_ASSET_PATHS = "\"emocean/Preview Content\"";
				DEVELOPMENT_TEAM = 9BZTP27JHA;
				ENABLE_PREVIEWS = YES;
				INFOPLIST_FILE = emocean/Info.plist;
				IPHONEOS_DEPLOYMENT_TARGET = 14.0;
				LD_RUNPATH_SEARCH_PATHS = (
					"$(inherited)",
					"@executable_path/Frameworks",
				);
				PRODUCT_BUNDLE_IDENTIFIER = app.emocean;
				PRODUCT_NAME = "$(TARGET_NAME)";
				SWIFT_VERSION = 5.0;
				TARGETED_DEVICE_FAMILY = "1,2";
			};
			name = Debug;
		};
		EFDC627F26A7E4A400E4D068 /* Release */ = {
			isa = XCBuildConfiguration;
			buildSettings = {
				ASSETCATALOG_COMPILER_APPICON_NAME = AppIcon;
				ASSETCATALOG_COMPILER_GLOBAL_ACCENT_COLOR_NAME = AccentColor;
				CODE_SIGN_STYLE = Automatic;
				DEVELOPMENT_ASSET_PATHS = "\"emocean/Preview Content\"";
				DEVELOPMENT_TEAM = 9BZTP27JHA;
				ENABLE_PREVIEWS = YES;
				INFOPLIST_FILE = emocean/Info.plist;
				IPHONEOS_DEPLOYMENT_TARGET = 14.0;
				LD_RUNPATH_SEARCH_PATHS = (
					"$(inherited)",
					"@executable_path/Frameworks",
				);
				PRODUCT_BUNDLE_IDENTIFIER = app.emocean;
				PRODUCT_NAME = "$(TARGET_NAME)";
				SWIFT_VERSION = 5.0;
				TARGETED_DEVICE_FAMILY = "1,2";
			};
			name = Release;
		};
		EFDC628126A7E4A400E4D068 /* Debug */ = {
			isa = XCBuildConfiguration;
			buildSettings = {
				ALWAYS_EMBED_SWIFT_STANDARD_LIBRARIES = YES;
				BUNDLE_LOADER = "$(TEST_HOST)";
				CODE_SIGN_STYLE = Automatic;
				DEVELOPMENT_TEAM = 9BZTP27JHA;
				INFOPLIST_FILE = emoceanTests/Info.plist;
				IPHONEOS_DEPLOYMENT_TARGET = 14.0;
				LD_RUNPATH_SEARCH_PATHS = (
					"$(inherited)",
					"@executable_path/Frameworks",
					"@loader_path/Frameworks",
				);
				PRODUCT_BUNDLE_IDENTIFIER = app.emoceanTests;
				PRODUCT_NAME = "$(TARGET_NAME)";
				SWIFT_VERSION = 5.0;
				TARGETED_DEVICE_FAMILY = "1,2";
				TEST_HOST = "$(BUILT_PRODUCTS_DIR)/emocean.app/emocean";
			};
			name = Debug;
		};
		EFDC628226A7E4A400E4D068 /* Release */ = {
			isa = XCBuildConfiguration;
			buildSettings = {
				ALWAYS_EMBED_SWIFT_STANDARD_LIBRARIES = YES;
				BUNDLE_LOADER = "$(TEST_HOST)";
				CODE_SIGN_STYLE = Automatic;
				DEVELOPMENT_TEAM = 9BZTP27JHA;
				INFOPLIST_FILE = emoceanTests/Info.plist;
				IPHONEOS_DEPLOYMENT_TARGET = 14.0;
				LD_RUNPATH_SEARCH_PATHS = (
					"$(inherited)",
					"@executable_path/Frameworks",
					"@loader_path/Frameworks",
				);
				PRODUCT_BUNDLE_IDENTIFIER = app.emoceanTests;
				PRODUCT_NAME = "$(TARGET_NAME)";
				SWIFT_VERSION = 5.0;
				TARGETED_DEVICE_FAMILY = "1,2";
				TEST_HOST = "$(BUILT_PRODUCTS_DIR)/emocean.app/emocean";
			};
			name = Release;
		};
		EFDC628426A7E4A400E4D068 /* Debug */ = {
			isa = XCBuildConfiguration;
			buildSettings = {
				ALWAYS_EMBED_SWIFT_STANDARD_LIBRARIES = YES;
				CODE_SIGN_STYLE = Automatic;
				DEVELOPMENT_TEAM = 9BZTP27JHA;
				INFOPLIST_FILE = emoceanUITests/Info.plist;
				LD_RUNPATH_SEARCH_PATHS = (
					"$(inherited)",
					"@executable_path/Frameworks",
					"@loader_path/Frameworks",
				);
				PRODUCT_BUNDLE_IDENTIFIER = app.emoceanUITests;
				PRODUCT_NAME = "$(TARGET_NAME)";
				SWIFT_VERSION = 5.0;
				TARGETED_DEVICE_FAMILY = "1,2";
				TEST_TARGET_NAME = emocean;
			};
			name = Debug;
		};
		EFDC628526A7E4A400E4D068 /* Release */ = {
			isa = XCBuildConfiguration;
			buildSettings = {
				ALWAYS_EMBED_SWIFT_STANDARD_LIBRARIES = YES;
				CODE_SIGN_STYLE = Automatic;
				DEVELOPMENT_TEAM = 9BZTP27JHA;
				INFOPLIST_FILE = emoceanUITests/Info.plist;
				LD_RUNPATH_SEARCH_PATHS = (
					"$(inherited)",
					"@executable_path/Frameworks",
					"@loader_path/Frameworks",
				);
				PRODUCT_BUNDLE_IDENTIFIER = app.emoceanUITests;
				PRODUCT_NAME = "$(TARGET_NAME)";
				SWIFT_VERSION = 5.0;
				TARGETED_DEVICE_FAMILY = "1,2";
				TEST_TARGET_NAME = emocean;
			};
			name = Release;
		};
/* End XCBuildConfiguration section */

/* Begin XCConfigurationList section */
		EFDC625326A7E4A200E4D068 /* Build configuration list for PBXProject "emocean" */ = {
			isa = XCConfigurationList;
			buildConfigurations = (
				EFDC627B26A7E4A400E4D068 /* Debug */,
				EFDC627C26A7E4A400E4D068 /* Release */,
			);
			defaultConfigurationIsVisible = 0;
			defaultConfigurationName = Release;
		};
		EFDC627D26A7E4A400E4D068 /* Build configuration list for PBXNativeTarget "emocean" */ = {
			isa = XCConfigurationList;
			buildConfigurations = (
				EFDC627E26A7E4A400E4D068 /* Debug */,
				EFDC627F26A7E4A400E4D068 /* Release */,
			);
			defaultConfigurationIsVisible = 0;
			defaultConfigurationName = Release;
		};
		EFDC628026A7E4A400E4D068 /* Build configuration list for PBXNativeTarget "emoceanTests" */ = {
			isa = XCConfigurationList;
			buildConfigurations = (
				EFDC628126A7E4A400E4D068 /* Debug */,
				EFDC628226A7E4A400E4D068 /* Release */,
			);
			defaultConfigurationIsVisible = 0;
			defaultConfigurationName = Release;
		};
		EFDC628326A7E4A400E4D068 /* Build configuration list for PBXNativeTarget "emoceanUITests" */ = {
			isa = XCConfigurationList;
			buildConfigurations = (
				EFDC628426A7E4A400E4D068 /* Debug */,
				EFDC628526A7E4A400E4D068 /* Release */,
			);
			defaultConfigurationIsVisible = 0;
			defaultConfigurationName = Release;
		};
/* End XCConfigurationList section */

/* Begin XCRemoteSwiftPackageReference section */
		0C0D672C26B2E8C2005925E4 /* XCRemoteSwiftPackageReference "WrappingHStack" */ = {
			isa = XCRemoteSwiftPackageReference;
			repositoryURL = "https://github.com/dkk/WrappingHStack";
			requirement = {
				kind = upToNextMajorVersion;
				minimumVersion = 2.1.2;
			};
		};
		E8EC035026B7BBDF00318CA7 /* XCRemoteSwiftPackageReference "lottie-ios" */ = {
			isa = XCRemoteSwiftPackageReference;
			repositoryURL = "https://github.com/airbnb/lottie-ios";
			requirement = {
				kind = upToNextMajorVersion;
				minimumVersion = 3.2.3;
			};
		};
/* End XCRemoteSwiftPackageReference section */

/* Begin XCSwiftPackageProductDependency section */
		0C0D672D26B2E8C2005925E4 /* WrappingHStack */ = {
			isa = XCSwiftPackageProductDependency;
			package = 0C0D672C26B2E8C2005925E4 /* XCRemoteSwiftPackageReference "WrappingHStack" */;
			productName = WrappingHStack;
		};
		E8EC035126B7BBDF00318CA7 /* Lottie */ = {
			isa = XCSwiftPackageProductDependency;
			package = E8EC035026B7BBDF00318CA7 /* XCRemoteSwiftPackageReference "lottie-ios" */;
			productName = Lottie;
		};
/* End XCSwiftPackageProductDependency section */
	};
	rootObject = EFDC625026A7E4A200E4D068 /* Project object */;
}
